<?xml version="1.0" encoding="utf-8"?>
<Project ToolsVersion="4.0" xmlns="http://schemas.microsoft.com/developer/msbuild/2003">
  <ItemGroup>
    <Filter Include="Source Files">
      <UniqueIdentifier>{4FC737F1-C7A5-4376-A066-2A32D752A2FF}</UniqueIdentifier>
      <Extensions>cpp;c;cc;cxx;c++;cppm;ixx;def;odl;idl;hpj;bat;asm;asmx</Extensions>
    </Filter>
    <Filter Include="Header Files">
      <UniqueIdentifier>{93995380-89BD-4b04-88EB-625FBE52EBFB}</UniqueIdentifier>
      <Extensions>h;hh;hpp;hxx;h++;hm;inl;inc;ipp;xsd</Extensions>
    </Filter>
    <Filter Include="Resource Files">
      <UniqueIdentifier>{67DA6AB6-F800-4c08-8B7A-83BB121AAD01}</UniqueIdentifier>
      <Extensions>rc;ico;cur;bmp;dlg;rc2;rct;bin;rgs;gif;jpg;jpeg;jpe;resx;tiff;tif;png;wav;mfcribbon-ms</Extensions>
    </Filter>
  </ItemGroup>
  <ItemGroup>
    <ClInclude Include="framework.h">
      <Filter>Header Files</Filter>
    </ClInclude>
    <ClInclude Include="targetver.h">
      <Filter>Header Files</Filter>
    </ClInclude>
    <ClInclude Include="Resource.h">
      <Filter>Header Files</Filter>
    </ClInclude>
    <ClInclude Include="RowaPickupSlim.h">
      <Filter>Header Files</Filter>
    </ClInclude>
    <ClInclude Include="networkclient.h">
      <Filter>Header Files</Filter>
    </ClInclude>
    <ClInclude Include="SharedVariables.h">
      <Filter>Header Files</Filter>
    </ClInclude>
    <ClInclude Include="SettingsDialog.h">
      <Filter>Header Files</Filter>
    </ClInclude>
    <ClInclude Include="pugixml.hpp">
      <Filter>Source Files</Filter>
    </ClInclude>
    <ClInclude Include="pugiconfig.hpp">
      <Filter>Source Files</Filter>
    </ClInclude>
    <ClInclude Include="Localization.h">
      <Filter>Header Files</Filter>
    </ClInclude>
    <ClInclude Include="UIHelpers.h">
      <Filter>Header Files</Filter>
    </ClInclude>
    <ClInclude Include="LoggingSystem.h">
      <Filter>Header Files</Filter>
    </ClInclude>
    <ClInclude Include="ArticleManagement.h">
      <Filter>Header Files</Filter>
    </ClInclude>
    <ClInclude Include="OutputManagement.h">
      <Filter>Header Files</Filter>
    </ClInclude>
    <ClInclude Include="DeviceManagement.h">
      <Filter>Header Files</Filter>
    </ClInclude>
    <ClInclude Include="Shared.h">
      <Filter>Header Files</Filter>
    </ClInclude>
  </ItemGroup>
  <ItemGroup>
    <ClCompile Include="XmlDefinitions.cpp">
      <Filter>Source Files</Filter>
    </ClCompile>
    <ClCompile Include="SharedVariables.cpp">
      <Filter>Source Files</Filter>
    </ClCompile>
    <ClCompile Include="main.cpp">
      <Filter>Source Files</Filter>
    </ClCompile>
    <ClCompile Include="networkclient_fixed.cpp">
      <Filter>Source Files</Filter>
    </ClCompile>
    <ClCompile Include="SettingsDialog.cpp">
      <Filter>Source Files</Filter>
    </ClCompile>
    <ClCompile Include="pugixml.cpp">
      <Filter>Source Files</Filter>
    </ClCompile>
    <ClCompile Include="Localization.cpp">
      <Filter>Source Files</Filter>
    </ClCompile>
    <ClCompile Include="UIHelpers.cpp">
      <Filter>Source Files</Filter>
    </ClCompile>
    <ClCompile Include="LoggingSystem.cpp">
      <Filter>Source Files</Filter>
    </ClCompile>
    <ClCompile Include="ArticleManagement.cpp">
      <Filter>Source Files</Filter>
    </ClCompile>
    <ClCompile Include="OutputManagement.cpp">
      <Filter>Source Files</Filter>
    </ClCompile>
    <ClCompile Include="DeviceManagement.cpp">
      <Filter>Source Files</Filter>
    </ClCompile>
  </ItemGroup>
  <ItemGroup>
    <ResourceCompile Include="RowaPickupSlim.rc">
      <Filter>Resource Files</Filter>
    </ResourceCompile>
  </ItemGroup>
  <ItemGroup>
    <None Include="SHAREDVARIABLES_MIGRATION.md" />
    <None Include="SETTINGSDIALOG_MIGRATION.md" />
    <None Include="QUICK_REFERENCE.md" />
    <None Include="SETTINGS_MIGRATION_COMPLETE.md" />
    <None Include="MIGRATION_SUMMARY.md" />
    <None Include="FINAL_CHECKLIST.md" />
    <None Include="SETTINGSDIALOG_ERRORS_FIXED.md" />
    <None Include="XMLDEFINITIONS_FIXED.md" />
    <None Include="COMPLETION_REPORT.md" />
    <None Include="XMLDEFINITIONS_PORT_VERIFICATION.md" />
    <None Include="MAINPAGE_BUTTONCOLOR_VERIFICATION.md" />
    <None Include="MAINPAGE_COMPLETE_PORT_VERIFICATION.md" />
    <None Include="PUGIXML_FIX.md" />
    <None Include="CPP_GDI32_UI_IMPLEMENTATION.md" />
    <None Include="GDI32_UI_IMPLEMENTATION_COMPLETE.md" />
    <None Include="locale\Dutch.lng" />
    <None Include="locale\English.lng" />
    <None Include="SCROLLBAR_IMPLEMENTATION.md" />
    <None Include="RowaPickupSlim.vcxproj.filters.new" />
    <None Include="CODE_REORGANIZATION_COMPLETE.md" />
    <None Include="ARCHITECTURE_IMPLEMENTATION.md" />
  </ItemGroup>
  <ItemGroup>
    <Image Include="BD.ico">
      <Filter>Resource Files</Filter>
    </Image>
  </ItemGroup>
</Project>